{
  "lockfile-version": 1,
  "manifest": {
    "version": 1,
    "install": {
      "cargo": {
        "pkg-path": "cargo"
      },
      "clippy": {
        "pkg-path": "clippy"
      },
      "gcc": {
        "pkg-path": "gcc"
      },
      "jujutsu": {
        "pkg-path": "jujutsu"
      },
      "libiconv": {
        "pkg-path": "libiconv"
      },
      "rustc": {
        "pkg-path": "rustc"
      }
    },
    "hook": {},
    "profile": {},
    "options": {}
  },
  "packages": [
    {
      "attr_path": "cargo",
      "broken": false,
      "derivation": "/nix/store/l0fnr8h9l9mh3s5xfayj4lz4ynh7wj3r-cargo-1.88.0.drv",
      "description": "Downloads your Rust project's dependencies and builds your project",
      "install_id": "cargo",
      "license": "[ MIT, Apache-2.0 ]",
      "locked_url": "https://github.com/flox/nixpkgs?rev=dc9637876d0dcc8c9e5e22986b857632effeb727",
      "name": "cargo-1.88.0",
      "pname": "cargo",
      "rev": "dc9637876d0dcc8c9e5e22986b857632effeb727",
      "rev_count": 836203,
      "rev_date": "2025-07-28T09:26:29Z",
      "scrape_date": "2025-07-30T00:28:04.852220Z",
      "stabilities": [
        "unstable"
      ],
      "unfree": false,
      "version": "1.88.0",
      "outputs_to_install": [
        "out"
      ],
      "outputs": {
        "out": "/nix/store/3iyviwimri8mq0cqv4abg9mibkcyc1cy-cargo-1.88.0"
      },
      "system": "aarch64-darwin",
      "group": "toplevel",
      "priority": 5
    },
    {
      "attr_path": "cargo",
      "broken": false,
      "derivation": "/nix/store/9x6znj90by8zqlg4vba9pr7al6qhid30-cargo-1.88.0.drv",
      "description": "Downloads your Rust project's dependencies and builds your project",
      "install_id": "cargo",
      "license": "[ MIT, Apache-2.0 ]",
      "locked_url": "https://github.com/flox/nixpkgs?rev=dc9637876d0dcc8c9e5e22986b857632effeb727",
      "name": "cargo-1.88.0",
      "pname": "cargo",
      "rev": "dc9637876d0dcc8c9e5e22986b857632effeb727",
      "rev_count": 836203,
      "rev_date": "2025-07-28T09:26:29Z",
      "scrape_date": "2025-07-30T00:47:40.398158Z",
      "stabilities": [
        "unstable"
      ],
      "unfree": false,
      "version": "1.88.0",
      "outputs_to_install": [
        "out"
      ],
      "outputs": {
        "out": "/nix/store/6w7lghpjhkd5pw9y0hnnmg5w341jswyd-cargo-1.88.0"
      },
      "system": "aarch64-linux",
      "group": "toplevel",
      "priority": 5
    },
    {
      "attr_path": "cargo",
      "broken": false,
      "derivation": "/nix/store/ggvfv7hw3gd6w1jnwx67s72vcxxdcq1l-cargo-1.88.0.drv",
      "description": "Downloads your Rust project's dependencies and builds your project",
      "install_id": "cargo",
      "license": "[ MIT, Apache-2.0 ]",
      "locked_url": "https://github.com/flox/nixpkgs?rev=dc9637876d0dcc8c9e5e22986b857632effeb727",
      "name": "cargo-1.88.0",
      "pname": "cargo",
      "rev": "dc9637876d0dcc8c9e5e22986b857632effeb727",
      "rev_count": 836203,
      "rev_date": "2025-07-28T09:26:29Z",
      "scrape_date": "2025-07-30T01:07:25.160678Z",
      "stabilities": [
        "unstable"
      ],
      "unfree": false,
      "version": "1.88.0",
      "outputs_to_install": [
        "out"
      ],
      "outputs": {
        "out": "/nix/store/8kwb2jmbf9xjhr18nw8sa66c0kivsqc4-cargo-1.88.0"
      },
      "system": "x86_64-darwin",
      "group": "toplevel",
      "priority": 5
    },
    {
      "attr_path": "cargo",
      "broken": false,
      "derivation": "/nix/store/bz3dslm505q0dnxs2ccgcx7ar78d23kp-cargo-1.88.0.drv",
      "description": "Downloads your Rust project's dependencies and builds your project",
      "install_id": "cargo",
      "license": "[ MIT, Apache-2.0 ]",
      "locked_url": "https://github.com/flox/nixpkgs?rev=dc9637876d0dcc8c9e5e22986b857632effeb727",
      "name": "cargo-1.88.0",
      "pname": "cargo",
      "rev": "dc9637876d0dcc8c9e5e22986b857632effeb727",
      "rev_count": 836203,
      "rev_date": "2025-07-28T09:26:29Z",
      "scrape_date": "2025-07-30T01:31:20.265571Z",
      "stabilities": [
        "unstable"
      ],
      "unfree": false,
      "version": "1.88.0",
      "outputs_to_install": [
        "out"
      ],
      "outputs": {
        "out": "/nix/store/kg6psfcz4vjcvv8bpyvw422vrndrcq50-cargo-1.88.0"
      },
      "system": "x86_64-linux",
      "group": "toplevel",
      "priority": 5
    },
    {
      "attr_path": "clippy",
      "broken": false,
      "derivation": "/nix/store/2fwf8kfm8nbjmg32ibic49an0hrfg560-clippy-1.88.0.drv",
      "description": "Bunch of lints to catch common mistakes and improve your Rust code",
      "install_id": "clippy",
      "license": "[ MIT, Apache-2.0 ]",
      "locked_url": "https://github.com/flox/nixpkgs?rev=dc9637876d0dcc8c9e5e22986b857632effeb727",
      "name": "clippy-1.88.0",
      "pname": "clippy",
      "rev": "dc9637876d0dcc8c9e5e22986b857632effeb727",
      "rev_count": 836203,
      "rev_date": "2025-07-28T09:26:29Z",
      "scrape_date": "2025-07-30T00:28:04.992836Z",
      "stabilities": [
        "unstable"
      ],
      "unfree": false,
      "version": "1.88.0",
      "outputs_to_install": [
        "out"
      ],
      "outputs": {
        "out": "/nix/store/20qxk0y4g7ic0d25nkyrcdkq9lmv7rsd-clippy-1.88.0"
      },
      "system": "aarch64-darwin",
      "group": "toplevel",
      "priority": 5
    },
    {
      "attr_path": "clippy",
      "broken": false,
      "derivation": "/nix/store/zmkx2ip1xfdrhanj7llv9c04ppj977fd-clippy-1.88.0.drv",
      "description": "Bunch of lints to catch common mistakes and improve your Rust code",
      "install_id": "clippy",
      "license": "[ MIT, Apache-2.0 ]",
      "locked_url": "https://github.com/flox/nixpkgs?rev=dc9637876d0dcc8c9e5e22986b857632effeb727",
      "name": "clippy-1.88.0",
      "pname": "clippy",
      "rev": "dc9637876d0dcc8c9e5e22986b857632effeb727",
      "rev_count": 836203,
      "rev_date": "2025-07-28T09:26:29Z",
      "scrape_date": "2025-07-30T00:47:40.580480Z",
      "stabilities": [
        "unstable"
      ],
      "unfree": false,
      "version": "1.88.0",
      "outputs_to_install": [
        "out"
      ],
      "outputs": {
        "debug": "/nix/store/vflr32izkxnkd8v69xrxzgfnjxvcav14-clippy-1.88.0-debug",
        "out": "/nix/store/br780x98g90f52dlss36zgizzjv2fr5q-clippy-1.88.0"
      },
      "system": "aarch64-linux",
      "group": "toplevel",
      "priority": 5
    },
    {
      "attr_path": "clippy",
      "broken": false,
      "derivation": "/nix/store/m0xjwr531n829m706bfv7xqwb3wmq7wy-clippy-1.88.0.drv",
      "description": "Bunch of lints to catch common mistakes and improve your Rust code",
      "install_id": "clippy",
      "license": "[ MIT, Apache-2.0 ]",
      "locked_url": "https://github.com/flox/nixpkgs?rev=dc9637876d0dcc8c9e5e22986b857632effeb727",
      "name": "clippy-1.88.0",
      "pname": "clippy",
      "rev": "dc9637876d0dcc8c9e5e22986b857632effeb727",
      "rev_count": 836203,
      "rev_date": "2025-07-28T09:26:29Z",
      "scrape_date": "2025-07-30T01:07:25.303385Z",
      "stabilities": [
        "unstable"
      ],
      "unfree": false,
      "version": "1.88.0",
      "outputs_to_install": [
        "out"
      ],
      "outputs": {
        "out": "/nix/store/rg7mdv096hv47sz82x79sii4dxzpky7f-clippy-1.88.0"
      },
      "system": "x86_64-darwin",
      "group": "toplevel",
      "priority": 5
    },
    {
      "attr_path": "clippy",
      "broken": false,
      "derivation": "/nix/store/cmlzh06bmr3xs9zcgzpn3m9s76wcy2ym-clippy-1.88.0.drv",
      "description": "Bunch of lints to catch common mistakes and improve your Rust code",
      "install_id": "clippy",
      "license": "[ MIT, Apache-2.0 ]",
      "locked_url": "https://github.com/flox/nixpkgs?rev=dc9637876d0dcc8c9e5e22986b857632effeb727",
      "name": "clippy-1.88.0",
      "pname": "clippy",
      "rev": "dc9637876d0dcc8c9e5e22986b857632effeb727",
      "rev_count": 836203,
      "rev_date": "2025-07-28T09:26:29Z",
      "scrape_date": "2025-07-30T01:31:20.463370Z",
      "stabilities": [
        "unstable"
      ],
      "unfree": false,
      "version": "1.88.0",
      "outputs_to_install": [
        "out"
      ],
      "outputs": {
        "debug": "/nix/store/q3rv3l0bbq0v132cr7z2avmlami10izd-clippy-1.88.0-debug",
        "out": "/nix/store/69r97yvadjf8agnagrq0jzyfnz20c7p3-clippy-1.88.0"
      },
      "system": "x86_64-linux",
      "group": "toplevel",
      "priority": 5
    },
    {
      "attr_path": "gcc",
      "broken": false,
      "derivation": "/nix/store/l4dnyfm1qrawzv30p292ncd4imlmd8nd-gcc-wrapper-14.3.0.drv",
      "description": "GNU Compiler Collection, version 14.3.0 (wrapper script)",
      "install_id": "gcc",
      "license": "GPL-3.0-or-later",
      "locked_url": "https://github.com/flox/nixpkgs?rev=dc9637876d0dcc8c9e5e22986b857632effeb727",
      "name": "gcc-wrapper-14.3.0",
      "pname": "gcc",
      "rev": "dc9637876d0dcc8c9e5e22986b857632effeb727",
      "rev_count": 836203,
      "rev_date": "2025-07-28T09:26:29Z",
      "scrape_date": "2025-07-30T00:28:05.472340Z",
      "stabilities": [
        "unstable"
      ],
      "unfree": false,
      "version": "14.3.0",
      "outputs_to_install": [
        "man",
        "out"
      ],
      "outputs": {
        "info": "/nix/store/3cxzv8ycx3r89s3mb285macagd5nhgd5-gcc-wrapper-14.3.0-info",
        "man": "/nix/store/y07limdp8iawb4c48hqa9j7qzx7a7lh8-gcc-wrapper-14.3.0-man",
        "out": "/nix/store/dn7kjba1csgmq2snyxxv4qp0qfz4yl4c-gcc-wrapper-14.3.0"
      },
      "system": "aarch64-darwin",
      "group": "toplevel",
      "priority": 5
    },
    {
      "attr_path": "gcc",
      "broken": false,
      "derivation": "/nix/store/jwzm380gzmzmjprxf1k1qlkv4y2dmcr2-gcc-wrapper-14.3.0.drv",
      "description": "GNU Compiler Collection, version 14.3.0 (wrapper script)",
      "install_id": "gcc",
      "license": "GPL-3.0-or-later",
      "locked_url": "https://github.com/flox/nixpkgs?rev=dc9637876d0dcc8c9e5e22986b857632effeb727",
      "name": "gcc-wrapper-14.3.0",
      "pname": "gcc",
      "rev": "dc9637876d0dcc8c9e5e22986b857632effeb727",
      "rev_count": 836203,
      "rev_date": "2025-07-28T09:26:29Z",
      "scrape_date": "2025-07-30T00:47:41.425856Z",
      "stabilities": [
        "unstable"
      ],
      "unfree": false,
      "version": "14.3.0",
      "outputs_to_install": [
        "man",
        "out"
      ],
      "outputs": {
        "info": "/nix/store/g38fw909lkir925zw1mzxg6mgwls95hc-gcc-wrapper-14.3.0-info",
        "man": "/nix/store/m74yzciid5w40c1y526j1xvg67xc9skg-gcc-wrapper-14.3.0-man",
        "out": "/nix/store/0r34311s7lka3iisjvhdaqpblqyk6g9f-gcc-wrapper-14.3.0"
      },
      "system": "aarch64-linux",
      "group": "toplevel",
      "priority": 5
    },
    {
      "attr_path": "gcc",
      "broken": false,
      "derivation": "/nix/store/x8nyfwqh0wcyg41mq9l3rik2f76lyv2s-gcc-wrapper-14.3.0.drv",
      "description": "GNU Compiler Collection, version 14.3.0 (wrapper script)",
      "install_id": "gcc",
      "license": "GPL-3.0-or-later",
      "locked_url": "https://github.com/flox/nixpkgs?rev=dc9637876d0dcc8c9e5e22986b857632effeb727",
      "name": "gcc-wrapper-14.3.0",
      "pname": "gcc",
      "rev": "dc9637876d0dcc8c9e5e22986b857632effeb727",
      "rev_count": 836203,
      "rev_date": "2025-07-28T09:26:29Z",
      "scrape_date": "2025-07-30T01:07:25.786747Z",
      "stabilities": [
        "unstable"
      ],
      "unfree": false,
      "version": "14.3.0",
      "outputs_to_install": [
        "man",
        "out"
      ],
      "outputs": {
        "info": "/nix/store/8vi0blv6kssib3v6xymz7lrlz53fgax9-gcc-wrapper-14.3.0-info",
        "man": "/nix/store/9j7k3csl0pasb7w3g491j4pshrl8dqwy-gcc-wrapper-14.3.0-man",
        "out": "/nix/store/ssn9sk3cjravh2lh2p95a6m1yxcddnb4-gcc-wrapper-14.3.0"
      },
      "system": "x86_64-darwin",
      "group": "toplevel",
      "priority": 5
    },
    {
      "attr_path": "gcc",
      "broken": false,
      "derivation": "/nix/store/n788bcf27q73r0pk73a61ayc7vq9rxip-gcc-wrapper-14.3.0.drv",
      "description": "GNU Compiler Collection, version 14.3.0 (wrapper script)",
      "install_id": "gcc",
      "license": "GPL-3.0-or-later",
      "locked_url": "https://github.com/flox/nixpkgs?rev=dc9637876d0dcc8c9e5e22986b857632effeb727",
      "name": "gcc-wrapper-14.3.0",
      "pname": "gcc",
      "rev": "dc9637876d0dcc8c9e5e22986b857632effeb727",
      "rev_count": 836203,
      "rev_date": "2025-07-28T09:26:29Z",
      "scrape_date": "2025-07-30T01:31:21.406493Z",
      "stabilities": [
        "unstable"
      ],
      "unfree": false,
      "version": "14.3.0",
      "outputs_to_install": [
        "man",
        "out"
      ],
      "outputs": {
        "info": "/nix/store/2r31f7wxsq5qdbl6d3dx03rwgxyhvvry-gcc-wrapper-14.3.0-info",
        "man": "/nix/store/jiivm432bvnzhrnsf8xr9115z7b2l5x2-gcc-wrapper-14.3.0-man",
        "out": "/nix/store/67x7pknz0qa2j16x02idf0x98lpcspah-gcc-wrapper-14.3.0"
      },
      "system": "x86_64-linux",
      "group": "toplevel",
      "priority": 5
    },
    {
      "attr_path": "jujutsu",
      "broken": false,
      "derivation": "/nix/store/9f1w2jf23fvqc41ffi9vnxcqhjdf58s9-jujutsu-0.31.0.drv",
      "description": "Git-compatible DVCS that is both simple and powerful",
      "install_id": "jujutsu",
      "license": "Apache-2.0",
      "locked_url": "https://github.com/flox/nixpkgs?rev=dc9637876d0dcc8c9e5e22986b857632effeb727",
      "name": "jujutsu-0.31.0",
      "pname": "jujutsu",
      "rev": "dc9637876d0dcc8c9e5e22986b857632effeb727",
      "rev_count": 836203,
      "rev_date": "2025-07-28T09:26:29Z",
      "scrape_date": "2025-07-30T00:28:06.117652Z",
      "stabilities": [
        "unstable"
      ],
      "unfree": false,
      "version": "0.31.0",
      "outputs_to_install": [
        "out"
      ],
      "outputs": {
        "out": "/nix/store/0zbb4i6gybsqxg5qyny3nlr35jk0gd8k-jujutsu-0.31.0"
      },
      "system": "aarch64-darwin",
      "group": "toplevel",
      "priority": 5
    },
    {
      "attr_path": "jujutsu",
      "broken": false,
      "derivation": "/nix/store/a0p9m92cz066qfdg4d67h01bwrrhad1s-jujutsu-0.31.0.drv",
      "description": "Git-compatible DVCS that is both simple and powerful",
      "install_id": "jujutsu",
      "license": "Apache-2.0",
      "locked_url": "https://github.com/flox/nixpkgs?rev=dc9637876d0dcc8c9e5e22986b857632effeb727",
      "name": "jujutsu-0.31.0",
      "pname": "jujutsu",
      "rev": "dc9637876d0dcc8c9e5e22986b857632effeb727",
      "rev_count": 836203,
      "rev_date": "2025-07-28T09:26:29Z",
      "scrape_date": "2025-07-30T00:47:43.330804Z",
      "stabilities": [
        "unstable"
      ],
      "unfree": false,
      "version": "0.31.0",
      "outputs_to_install": [
        "out"
      ],
      "outputs": {
        "out": "/nix/store/6r514sghaawis92v72mlnw4pgzidi4sx-jujutsu-0.31.0"
      },
      "system": "aarch64-linux",
      "group": "toplevel",
      "priority": 5
    },
    {
      "attr_path": "jujutsu",
      "broken": false,
      "derivation": "/nix/store/rsdq1raxgjmhd8sc3l2xrcdcfy4g2b41-jujutsu-0.31.0.drv",
      "description": "Git-compatible DVCS that is both simple and powerful",
      "install_id": "jujutsu",
      "license": "Apache-2.0",
      "locked_url": "https://github.com/flox/nixpkgs?rev=dc9637876d0dcc8c9e5e22986b857632effeb727",
      "name": "jujutsu-0.31.0",
      "pname": "jujutsu",
      "rev": "dc9637876d0dcc8c9e5e22986b857632effeb727",
      "rev_count": 836203,
      "rev_date": "2025-07-28T09:26:29Z",
      "scrape_date": "2025-07-30T01:07:26.481708Z",
      "stabilities": [
        "unstable"
      ],
      "unfree": false,
      "version": "0.31.0",
      "outputs_to_install": [
        "out"
      ],
      "outputs": {
        "out": "/nix/store/8kk19jqhn0b7q2z1saydc593d8s3v77y-jujutsu-0.31.0"
      },
      "system": "x86_64-darwin",
      "group": "toplevel",
      "priority": 5
    },
    {
      "attr_path": "jujutsu",
      "broken": false,
      "derivation": "/nix/store/mq5r5j4f86jwwb6fkshiacvv8sgccv02-jujutsu-0.31.0.drv",
      "description": "Git-compatible DVCS that is both simple and powerful",
      "install_id": "jujutsu",
      "license": "Apache-2.0",
      "locked_url": "https://github.com/flox/nixpkgs?rev=dc9637876d0dcc8c9e5e22986b857632effeb727",
      "name": "jujutsu-0.31.0",
      "pname": "jujutsu",
      "rev": "dc9637876d0dcc8c9e5e22986b857632effeb727",
      "rev_count": 836203,
      "rev_date": "2025-07-28T09:26:29Z",
      "scrape_date": "2025-07-30T01:31:23.467794Z",
      "stabilities": [
        "unstable"
      ],
      "unfree": false,
      "version": "0.31.0",
      "outputs_to_install": [
        "out"
      ],
      "outputs": {
        "out": "/nix/store/w6s7w4izhwaq8a665p7k60canq2rw7zy-jujutsu-0.31.0"
      },
      "system": "x86_64-linux",
      "group": "toplevel",
      "priority": 5
    },
    {
      "attr_path": "libiconv",
      "broken": false,
      "derivation": "/nix/store/zfb3pabhlqmj4d9b0835pxvxwlhr709v-libiconv-109.drv",
      "description": "Iconv(3) implementation",
      "install_id": "libiconv",
      "license": "[ BSD-2-Clause, BSD-3-Clause, APSL-1.0 ]",
      "locked_url": "https://github.com/flox/nixpkgs?rev=dc9637876d0dcc8c9e5e22986b857632effeb727",
      "name": "libiconv-109",
      "pname": "libiconv",
      "rev": "dc9637876d0dcc8c9e5e22986b857632effeb727",
      "rev_count": 836203,
      "rev_date": "2025-07-28T09:26:29Z",
      "scrape_date": "2025-07-30T00:28:06.448331Z",
      "stabilities": [
        "unstable"
      ],
      "unfree": false,
      "version": "109",
      "outputs_to_install": [
        "out"
      ],
      "outputs": {
        "dev": "/nix/store/mcc940l8kl31m86qsi4ns5bcafsp7vfi-libiconv-109-dev",
        "out": "/nix/store/lcpbdhaw5yrw96kghpq9d5z0cfq4ljq5-libiconv-109"
      },
      "system": "aarch64-darwin",
      "group": "toplevel",
      "priority": 5
    },
    {
      "attr_path": "libiconv",
      "broken": false,
      "derivation": "/nix/store/s6jim7013wgnz43471i4yr7w04y96i8k-glibc-iconv-2.40.drv",
      "install_id": "libiconv",
      "locked_url": "https://github.com/flox/nixpkgs?rev=dc9637876d0dcc8c9e5e22986b857632effeb727",
      "name": "glibc-iconv-2.40",
      "pname": "libiconv",
      "rev": "dc9637876d0dcc8c9e5e22986b857632effeb727",
      "rev_count": 836203,
      "rev_date": "2025-07-28T09:26:29Z",
      "scrape_date": "2025-07-30T00:47:44.212178Z",
      "stabilities": [
        "unstable"
      ],
      "unfree": false,
      "version": "2.40",
      "outputs_to_install": [
        "out"
      ],
      "outputs": {
        "out": "/nix/store/rwzmi4ilxx7hw0cfv4ah566mvmgmn2vg-glibc-iconv-2.40"
      },
      "system": "aarch64-linux",
      "group": "toplevel",
      "priority": 5
    },
    {
      "attr_path": "libiconv",
      "broken": false,
      "derivation": "/nix/store/bxlcqgvv3w352vqv9pn2ikv45wa7r44c-libiconv-109.drv",
      "description": "Iconv(3) implementation",
      "install_id": "libiconv",
      "license": "[ BSD-2-Clause, BSD-3-Clause, APSL-1.0 ]",
      "locked_url": "https://github.com/flox/nixpkgs?rev=dc9637876d0dcc8c9e5e22986b857632effeb727",
      "name": "libiconv-109",
      "pname": "libiconv",
      "rev": "dc9637876d0dcc8c9e5e22986b857632effeb727",
      "rev_count": 836203,
      "rev_date": "2025-07-28T09:26:29Z",
      "scrape_date": "2025-07-30T01:07:26.817303Z",
      "stabilities": [
        "unstable"
      ],
      "unfree": false,
      "version": "109",
      "outputs_to_install": [
        "out"
      ],
      "outputs": {
        "dev": "/nix/store/kn2rgsbvpg9nz998mi6nnzcbsfb8jgxl-libiconv-109-dev",
        "out": "/nix/store/8xi6xc6hgs7saynm4xnlpdl99k37ddfi-libiconv-109"
      },
      "system": "x86_64-darwin",
      "group": "toplevel",
      "priority": 5
    },
    {
      "attr_path": "libiconv",
      "broken": false,
      "derivation": "/nix/store/zw8kgia0hrycx3kzx9xvy70ldvaw4zp4-glibc-iconv-2.40.drv",
      "install_id": "libiconv",
      "locked_url": "https://github.com/flox/nixpkgs?rev=dc9637876d0dcc8c9e5e22986b857632effeb727",
      "name": "glibc-iconv-2.40",
      "pname": "libiconv",
      "rev": "dc9637876d0dcc8c9e5e22986b857632effeb727",
      "rev_count": 836203,
      "rev_date": "2025-07-28T09:26:29Z",
      "scrape_date": "2025-07-30T01:31:24.406484Z",
      "stabilities": [
        "unstable"
      ],
      "unfree": false,
      "version": "2.40",
      "outputs_to_install": [
        "out"
      ],
      "outputs": {
        "out": "/nix/store/01kpygqq1mhqjw4x0qbf42lmn8cnwkiy-glibc-iconv-2.40"
      },
      "system": "x86_64-linux",
      "group": "toplevel",
      "priority": 5
    },
    {
      "attr_path": "rustc",
      "broken": false,
      "derivation": "/nix/store/36il1x268jlgfjr5vhy990jvg199415d-rustc-wrapper-1.88.0.drv",
      "description": "Safe, concurrent, practical language (wrapper script)",
      "install_id": "rustc",
      "license": "[ MIT, Apache-2.0 ]",
      "locked_url": "https://github.com/flox/nixpkgs?rev=dc9637876d0dcc8c9e5e22986b857632effeb727",
      "name": "rustc-wrapper-1.88.0",
      "pname": "rustc",
      "rev": "dc9637876d0dcc8c9e5e22986b857632effeb727",
      "rev_count": 836203,
      "rev_date": "2025-07-28T09:26:29Z",
      "scrape_date": "2025-07-30T00:28:38.613183Z",
      "stabilities": [
        "unstable"
      ],
      "unfree": false,
      "version": "1.88.0",
      "outputs_to_install": [
        "man",
        "out"
      ],
      "outputs": {
        "doc": "/nix/store/43jx4b5a1vzns6rlrm869zqzdkn2kfsz-rustc-wrapper-1.88.0-doc",
        "man": "/nix/store/zjq6arkcmxgl6ghjrwg57ay2m0qsjcbj-rustc-wrapper-1.88.0-man",
        "out": "/nix/store/3skm2cmdy8g31xbqz169lzsb7x9dvrk6-rustc-wrapper-1.88.0"
      },
      "system": "aarch64-darwin",
      "group": "toplevel",
      "priority": 5
    },
    {
      "attr_path": "rustc",
      "broken": false,
      "derivation": "/nix/store/aawy96a19hchqai03i2i7rq73n8jbjqb-rustc-wrapper-1.88.0.drv",
      "description": "Safe, concurrent, practical language (wrapper script)",
      "install_id": "rustc",
      "license": "[ MIT, Apache-2.0 ]",
      "locked_url": "https://github.com/flox/nixpkgs?rev=dc9637876d0dcc8c9e5e22986b857632effeb727",
      "name": "rustc-wrapper-1.88.0",
      "pname": "rustc",
      "rev": "dc9637876d0dcc8c9e5e22986b857632effeb727",
      "rev_count": 836203,
      "rev_date": "2025-07-28T09:26:29Z",
      "scrape_date": "2025-07-30T00:48:37.165934Z",
      "stabilities": [
        "unstable"
      ],
      "unfree": false,
      "version": "1.88.0",
      "outputs_to_install": [
        "man",
        "out"
      ],
      "outputs": {
        "doc": "/nix/store/a8m2n4byzxff2738rgynhk4m7m4z7lmh-rustc-wrapper-1.88.0-doc",
        "man": "/nix/store/39wlbfwhafzqqz4ivj126sxphfzsgd3s-rustc-wrapper-1.88.0-man",
        "out": "/nix/store/3w2lyncwvbic72pjch38830c6090fmpq-rustc-wrapper-1.88.0"
      },
      "system": "aarch64-linux",
      "group": "toplevel",
      "priority": 5
    },
    {
      "attr_path": "rustc",
      "broken": false,
      "derivation": "/nix/store/s089aib2xyzn1k3y86zgvmzsrwqypc1a-rustc-wrapper-1.88.0.drv",
      "description": "Safe, concurrent, practical language (wrapper script)",
      "install_id": "rustc",
      "license": "[ MIT, Apache-2.0 ]",
      "locked_url": "https://github.com/flox/nixpkgs?rev=dc9637876d0dcc8c9e5e22986b857632effeb727",
      "name": "rustc-wrapper-1.88.0",
      "pname": "rustc",
      "rev": "dc9637876d0dcc8c9e5e22986b857632effeb727",
      "rev_count": 836203,
      "rev_date": "2025-07-28T09:26:29Z",
      "scrape_date": "2025-07-30T01:07:59.103248Z",
      "stabilities": [
        "unstable"
      ],
      "unfree": false,
      "version": "1.88.0",
      "outputs_to_install": [
        "man",
        "out"
      ],
      "outputs": {
        "doc": "/nix/store/bilr4glals1gdaa4fvqdd43sm233z1v7-rustc-wrapper-1.88.0-doc",
        "man": "/nix/store/g3sc5lw4c2f7gpxzdhrd5wjr0ddv0cig-rustc-wrapper-1.88.0-man",
        "out": "/nix/store/m0kv84sl58xd11fms81yl7ks5a6203zr-rustc-wrapper-1.88.0"
      },
      "system": "x86_64-darwin",
      "group": "toplevel",
      "priority": 5
    },
    {
      "attr_path": "rustc",
      "broken": false,
      "derivation": "/nix/store/a07x09yac1pjzbcb5jz7qahypq98xy65-rustc-wrapper-1.88.0.drv",
      "description": "Safe, concurrent, practical language (wrapper script)",
      "install_id": "rustc",
      "license": "[ MIT, Apache-2.0 ]",
      "locked_url": "https://github.com/flox/nixpkgs?rev=dc9637876d0dcc8c9e5e22986b857632effeb727",
      "name": "rustc-wrapper-1.88.0",
      "pname": "rustc",
      "rev": "dc9637876d0dcc8c9e5e22986b857632effeb727",
      "rev_count": 836203,
      "rev_date": "2025-07-28T09:26:29Z",
      "scrape_date": "2025-07-30T01:32:21.616987Z",
      "stabilities": [
        "unstable"
      ],
      "unfree": false,
      "version": "1.88.0",
      "outputs_to_install": [
        "man",
        "out"
      ],
      "outputs": {
        "doc": "/nix/store/3hjn39rypqbfavrw0mc1whgz186isysr-rustc-wrapper-1.88.0-doc",
        "man": "/nix/store/y9vhsm8q6s0p6by0wy27j2fv2w7nb3r6-rustc-wrapper-1.88.0-man",
        "out": "/nix/store/i19xh91f80g01v4ad3x363g4538z2qx9-rustc-wrapper-1.88.0"
      },
      "system": "x86_64-linux",
      "group": "toplevel",
      "priority": 5
    }
  ]
}